
Microsoft Visual Studio Solution File, Format Version 12.00
# Visual Studio 15
VisualStudioVersion = 15.0.28010.2019
MinimumVisualStudioVersion = 10.0.40219.1
Project("{9A19103F-16F7-4668-BE54-9A1E7A4F7556}") = "API", "API\API.csproj", "{94E07D79-908E-4174-B31C-9EC38FCE4D32}"
EndProject
Project("{2150E333-8FDC-42A3-9474-1A3956D46DE8}") = "Core", "Core", "{A98A536F-1091-47CD-BC80-89005B40D753}"
EndProject
Project("{2150E333-8FDC-42A3-9474-1A3956D46DE8}") = "Infrastructure", "Infrastructure", "{0CF32FB9-D525-41A2-A17D-DC91644C8915}"
EndProject
Project("{9A19103F-16F7-4668-BE54-9A1E7A4F7556}") = "Persistence", "Infrastructure\Persistence\Persistence.csproj", "{9A7FE542-E641-4F71-9B56-A9624F56AB83}"
EndProject
Project("{9A19103F-16F7-4668-BE54-9A1E7A4F7556}") = "Application", "Core\Application\Application.csproj", "{5E643A0B-101B-4C25-9074-14B5C874996F}"
EndProject
Project("{9A19103F-16F7-4668-BE54-9A1E7A4F7556}") = "Domain", "Core\Domain\Domain.csproj", "{D0EE07C4-3C29-4293-AD3D-692AF8DB3AF2}"
EndProject
Project("{2150E333-8FDC-42A3-9474-1A3956D46DE8}") = "Tests", "Tests", "{0DB0CDF4-9DB1-4DDB-8337-37E213B3B939}"
EndProject
Project("{FAE04EC0-301F-11D3-BF4B-00C04F79EFBC}") = "ApplicationTests", "Core\Tests\ApplicationTests\ApplicationTests.csproj", "{FD812453-91AD-4AEF-8BAA-5F79C237892E}"
EndProject
Global
	GlobalSection(SolutionConfigurationPlatforms) = preSolution
		Debug|Any CPU = Debug|Any CPU
		Release|Any CPU = Release|Any CPU
	EndGlobalSection
	GlobalSection(ProjectConfigurationPlatforms) = postSolution
		{94E07D79-908E-4174-B31C-9EC38FCE4D32}.Debug|Any CPU.ActiveCfg = Debug|Any CPU
		{94E07D79-908E-4174-B31C-9EC38FCE4D32}.Debug|Any CPU.Build.0 = Debug|Any CPU
		{94E07D79-908E-4174-B31C-9EC38FCE4D32}.Release|Any CPU.ActiveCfg = Release|Any CPU
		{94E07D79-908E-4174-B31C-9EC38FCE4D32}.Release|Any CPU.Build.0 = Release|Any CPU
		{9A7FE542-E641-4F71-9B56-A9624F56AB83}.Debug|Any CPU.ActiveCfg = Debug|Any CPU
		{9A7FE542-E641-4F71-9B56-A9624F56AB83}.Debug|Any CPU.Build.0 = Debug|Any CPU
		{9A7FE542-E641-4F71-9B56-A9624F56AB83}.Release|Any CPU.ActiveCfg = Release|Any CPU
		{9A7FE542-E641-4F71-9B56-A9624F56AB83}.Release|Any CPU.Build.0 = Release|Any CPU
		{5E643A0B-101B-4C25-9074-14B5C874996F}.Debug|Any CPU.ActiveCfg = Debug|Any CPU
		{5E643A0B-101B-4C25-9074-14B5C874996F}.Debug|Any CPU.Build.0 = Debug|Any CPU
		{5E643A0B-101B-4C25-9074-14B5C874996F}.Release|Any CPU.ActiveCfg = Release|Any CPU
		{5E643A0B-101B-4C25-9074-14B5C874996F}.Release|Any CPU.Build.0 = Release|Any CPU
		{D0EE07C4-3C29-4293-AD3D-692AF8DB3AF2}.Debug|Any CPU.ActiveCfg = Debug|Any CPU
		{D0EE07C4-3C29-4293-AD3D-692AF8DB3AF2}.Debug|Any CPU.Build.0 = Debug|Any CPU
		{D0EE07C4-3C29-4293-AD3D-692AF8DB3AF2}.Release|Any CPU.ActiveCfg = Release|Any CPU
		{D0EE07C4-3C29-4293-AD3D-692AF8DB3AF2}.Release|Any CPU.Build.0 = Release|Any CPU
		{FD812453-91AD-4AEF-8BAA-5F79C237892E}.Debug|Any CPU.ActiveCfg = Debug|Any CPU
		{FD812453-91AD-4AEF-8BAA-5F79C237892E}.Debug|Any CPU.Build.0 = Debug|Any CPU
		{FD812453-91AD-4AEF-8BAA-5F79C237892E}.Release|Any CPU.ActiveCfg = Release|Any CPU
		{FD812453-91AD-4AEF-8BAA-5F79C237892E}.Release|Any CPU.Build.0 = Release|Any CPU
	EndGlobalSection
	GlobalSection(SolutionProperties) = preSolution
		HideSolutionNode = FALSE
	EndGlobalSection
	GlobalSection(NestedProjects) = preSolution
		{9A7FE542-E641-4F71-9B56-A9624F56AB83} = {0CF32FB9-D525-41A2-A17D-DC91644C8915}
		{5E643A0B-101B-4C25-9074-14B5C874996F} = {A98A536F-1091-47CD-BC80-89005B40D753}
		{D0EE07C4-3C29-4293-AD3D-692AF8DB3AF2} = {A98A536F-1091-47CD-BC80-89005B40D753}
		{0DB0CDF4-9DB1-4DDB-8337-37E213B3B939} = {A98A536F-1091-47CD-BC80-89005B40D753}
		{FD812453-91AD-4AEF-8BAA-5F79C237892E} = {0DB0CDF4-9DB1-4DDB-8337-37E213B3B939}
	EndGlobalSection
	GlobalSection(ExtensibilityGlobals) = postSolution
		SolutionGuid = {D985040C-F343-4E9E-B7C4-6BCED246D165}
	EndGlobalSection
EndGlobal
